
Microsoft Visual Studio Solution File, Format Version 12.00
# Visual Studio Version 16
VisualStudioVersion = 16.0.28809.33
MinimumVisualStudioVersion = 10.0.40219.1
Project("{FAE04EC0-301F-11D3-BF4B-00C04F79EFBC}") = "CheckoutKata", "CheckoutKata\CheckoutKata.csproj", "{FEB66E86-68AE-46FB-AD7B-01AD975FA52E}"
EndProject
Project("{FAE04EC0-301F-11D3-BF4B-00C04F79EFBC}") = "CheckoutKata.Test", "CheckoutKata.Test\CheckoutKata.Test.csproj", "{46CD46C2-6DF7-467E-A215-A262D1F1A36E}"
EndProject
Global
	GlobalSection(SolutionConfigurationPlatforms) = preSolution
		Debug|Any CPU = Debug|Any CPU
		Release|Any CPU = Release|Any CPU
	EndGlobalSection
	GlobalSection(ProjectConfigurationPlatforms) = postSolution
		{FEB66E86-68AE-46FB-AD7B-01AD975FA52E}.Debug|Any CPU.ActiveCfg = Debug|Any CPU
		{FEB66E86-68AE-46FB-AD7B-01AD975FA52E}.Debug|Any CPU.Build.0 = Debug|Any CPU
		{FEB66E86-68AE-46FB-AD7B-01AD975FA52E}.Release|Any CPU.ActiveCfg = Release|Any CPU
		{FEB66E86-68AE-46FB-AD7B-01AD975FA52E}.Release|Any CPU.Build.0 = Release|Any CPU
		{46CD46C2-6DF7-467E-A215-A262D1F1A36E}.Debug|Any CPU.ActiveCfg = Debug|Any CPU
		{46CD46C2-6DF7-467E-A215-A262D1F1A36E}.Debug|Any CPU.Build.0 = Debug|Any CPU
		{46CD46C2-6DF7-467E-A215-A262D1F1A36E}.Release|Any CPU.ActiveCfg = Release|Any CPU
		{46CD46C2-6DF7-467E-A215-A262D1F1A36E}.Release|Any CPU.Build.0 = Release|Any CPU
	EndGlobalSection
	GlobalSection(SolutionProperties) = preSolution
		HideSolutionNode = FALSE
	EndGlobalSection
	GlobalSection(ExtensibilityGlobals) = postSolution
		SolutionGuid = {A01B336D-058D-44CC-98E1-42C847C94F4F}
	EndGlobalSection
EndGlobal
